{
  "name": "postman-project",
  "version": "1.0.0",
  "lockfileVersion": 3,
  "requires": true,
  "packages": {
    "": {
      "name": "postman-project",
      "version": "1.0.0",
      "license": "ISC",
      "devDependencies": {
        "js-yaml": "^4.1.1",
        "postman-cli": "^1.38.0"
      }
    },
    "node_modules/@postman/pm-bin-linux-arm64": {
      "version": "1.38.0",
      "resolved": "https://registry.npmjs.org/@postman/pm-bin-linux-arm64/-/pm-bin-linux-arm64-1.38.0.tgz",
      "integrity": "sha512-zvT8FBjeBQ2hgWHMsF8FXq2+aSfWK9rQ7z53S8GdNI56j+eyY+fphSCO5EqLwA0Kfe+Vn8x0V+AMPS9u2cvFXA==",
      "cpu": [
        "arm64"
      ],
      "dev": true,
      "optional": true,
      "os": [
        "linux"
      ]
    },
    "node_modules/@postman/pm-bin-linux-x64": {
      "version": "1.38.0",
      "resolved": "https://registry.npmjs.org/@postman/pm-bin-linux-x64/-/pm-bin-linux-x64-1.38.0.tgz",
      "integrity": "sha512-vF2/M+YRkYW9xzd6lngmOI9uMloeBNEnxn7sUOQ4GTdiUUade5rgAiUw3hJBa7SYzI7uCM6hOsHyNnOxvmSqRQ==",
      "cpu": [
        "x64"
      ],
      "dev": true,
      "optional": true,
      "os": [
        "linux"
      ]
    },
    "node_modules/@postman/pm-bin-macos-arm64": {
      "version": "1.38.0",
      "resolved": "https://registry.npmjs.org/@postman/pm-bin-macos-arm64/-/pm-bin-macos-arm64-1.38.0.tgz",
      "integrity": "sha512-Av+8X9S/Y5IYx2/M49Q49CN3/qDlt8Oz3/6XBB6CYnfZMuEKxaZrlRdA692nBynV4XHqfARjrR9XLW448LB0Aw==",
      "cpu": [
        "arm64"
      ],
      "dev": true,
      "optional": true,
      "os": [
        "darwin"
      ]
    },
    "node_modules/@postman/pm-bin-macos-x64": {
      "version": "1.38.0",
      "resolved": "https://registry.npmjs.org/@postman/pm-bin-macos-x64/-/pm-bin-macos-x64-1.38.0.tgz",
      "integrity": "sha512-5bxDlOeU+64Vkiw3CDo0LPt5apNXFr93NkIU5OVg/7aRFWjSAhWOxhj64LOEYG3VG7apgeGsKoGoPzxvZkOvHg==",
      "cpu": [
        "x64"
      ],
      "dev": true,
      "optional": true,
      "os": [
        "darwin"
      ]
    },
    "node_modules/@postman/pm-bin-windows-x64": {
      "version": "1.38.0",
      "resolved": "https://registry.npmjs.org/@postman/pm-bin-windows-x64/-/pm-bin-windows-x64-1.38.0.tgz",
      "integrity": "sha512-GACNBu+L547kLbJCXemefdT5GfmZxm3z8fAjeM5So6Dh7Bv34/K3qnDiYIZ6jKmi2T11J02LJNn2JfbbSbf6AA==",
      "cpu": [
        "x64"
      ],
      "dev": true,
      "optional": true,
      "os": [
        "win32"
      ]
    },
    "node_modules/argparse": {
      "version": "2.0.1",
      "resolved": "https://registry.npmjs.org/argparse/-/argparse-2.0.1.tgz",
      "integrity": "sha512-8+9WqebbFzpX9OR+Wa6O29asIogeRMzcGtAINdpMHHyAg10f05aSFVBbcEqGf/PXw1EjAZ+q2/bEBg3DvurK3Q==",
      "dev": true,
      "license": "Python-2.0"
    },
    "node_modules/js-yaml": {
      "version": "4.1.1",
      "resolved": "https://registry.npmjs.org/js-yaml/-/js-yaml-4.1.1.tgz",
      "integrity": "sha512-qQKT4zQxXl8lLwBtHMWwaTcGfFOZviOJet3Oy/xmGk2gZH677CJM9EvtfdSkgWcATZhj/55JZ0rmy3myCT5lsA==",
      "dev": true,
      "license": "MIT",
      "dependencies": {
        "argparse": "^2.0.1"
      },
      "bin": {
        "js-yaml": "bin/js-yaml.js"
      }
    },
    "node_modules/postman-cli": {
      "version": "1.38.0",
      "resolved": "https://registry.npmjs.org/postman-cli/-/postman-cli-1.38.0.tgz",
      "integrity": "sha512-1/qxkJELsNJOTRRQOb98qIBYoXxtsk6jUXPBqzNjeLdEHzQ5FXsT52Ed9WaxugmkNRiAbb5+neeKpYOU9gJPRw==",
      "dev": true,
      "bin": {
        "postman": "bin/postman.js"
      },
      "optionalDependencies": {
        "@postman/pm-bin-linux-arm64": "1.38.0",
        "@postman/pm-bin-linux-x64": "1.38.0",
        "@postman/pm-bin-macos-arm64": "1.38.0",
        "@postman/pm-bin-macos-x64": "1.38.0",
        "@postman/pm-bin-windows-x64": "1.38.0"
      }
    }
  }
}
